// !$*UTF8*$!
{
	archiveVersion = 1;
	classes = {
	};
	objectVersion = 56;
	objects = {

/* Begin PBXBuildFile section */
		3A0679E12A648C0F0088DE6A /* SwiftyJSON in Frameworks */ = {isa = PBXBuildFile; productRef = 3A0679E02A648C0F0088DE6A /* SwiftyJSON */; };
		3A17C0792A61A20E0012F285 /* Alamofire in Frameworks */ = {isa = PBXBuildFile; productRef = 3A17C0782A61A20E0012F285 /* Alamofire */; };
		3A17C07C2A61A2510012F285 /* Imgur.swift in Sources */ = {isa = PBXBuildFile; fileRef = 3A17C07B2A61A2510012F285 /* Imgur.swift */; };
		3A9A9FD82A5C84B5007BA5C9 /* App.swift in Sources */ = {isa = PBXBuildFile; fileRef = 3A9A9FD72A5C84B5007BA5C9 /* App.swift */; };
		3AB345AB2A5D779500AAEC0E /* ScreenCapture.swift in Sources */ = {isa = PBXBuildFile; fileRef = 3AB345AA2A5D779500AAEC0E /* ScreenCapture.swift */; };
		3AB345B12A5E7D4100AAEC0E /* MainMenuView.swift in Sources */ = {isa = PBXBuildFile; fileRef = 3AB345B02A5E7D4100AAEC0E /* MainMenuView.swift */; };
		3AB345B62A5E8E6300AAEC0E /* SettingsMenuView.swift in Sources */ = {isa = PBXBuildFile; fileRef = 3AB345B52A5E8E6300AAEC0E /* SettingsMenuView.swift */; };
		3AB345B92A5EB95E00AAEC0E /* LaunchAtLogin in Frameworks */ = {isa = PBXBuildFile; productRef = 3AB345B82A5EB95E00AAEC0E /* LaunchAtLogin */; };
		3AB345BC2A5EBA5400AAEC0E /* Defaults in Frameworks */ = {isa = PBXBuildFile; productRef = 3AB345BB2A5EBA5400AAEC0E /* Defaults */; };
		3AB345C22A5ED5B800AAEC0E /* KeyboardShortcuts in Frameworks */ = {isa = PBXBuildFile; productRef = 3AB345C12A5ED5B800AAEC0E /* KeyboardShortcuts */; };
		3AB345C42A5EEB8D00AAEC0E /* ToastPopover.swift in Sources */ = {isa = PBXBuildFile; fileRef = 3AB345C32A5EEB8D00AAEC0E /* ToastPopover.swift */; };
		3AB345C62A5F0C7A00AAEC0E /* Constants.swift in Sources */ = {isa = PBXBuildFile; fileRef = 3AB345C52A5F0C7A00AAEC0E /* Constants.swift */; };
		3AB345C82A5F163800AAEC0E /* AppState.swift in Sources */ = {isa = PBXBuildFile; fileRef = 3AB345C72A5F163800AAEC0E /* AppState.swift */; };
		3AB38D042A62B56B00184E0D /* CustomUploader.swift in Sources */ = {isa = PBXBuildFile; fileRef = 3AB38D032A62B56B00184E0D /* CustomUploader.swift */; };
		3AB38D062A62C35C00184E0D /* Custom.swift in Sources */ = {isa = PBXBuildFile; fileRef = 3AB38D052A62C35C00184E0D /* Custom.swift */; };
		3AB38D082A62C49C00184E0D /* Upload.swift in Sources */ = {isa = PBXBuildFile; fileRef = 3AB38D072A62C49C00184E0D /* Upload.swift */; };
		3AB38D0B2A62F28700184E0D /* UploaderSettings.swift in Sources */ = {isa = PBXBuildFile; fileRef = 3AB38D0A2A62F28700184E0D /* UploaderSettings.swift */; };
		3AB38D0D2A62F7C500184E0D /* RecordingSettings.swift in Sources */ = {isa = PBXBuildFile; fileRef = 3AB38D0C2A62F7C500184E0D /* RecordingSettings.swift */; };
/* End PBXBuildFile section */

/* Begin PBXFileReference section */
		3A17C07B2A61A2510012F285 /* Imgur.swift */ = {isa = PBXFileReference; lastKnownFileType = sourcecode.swift; path = Imgur.swift; sourceTree = "<group>"; };
		3A9A9FD42A5C84B5007BA5C9 /* ishare.app */ = {isa = PBXFileReference; explicitFileType = wrapper.application; includeInIndex = 0; path = ishare.app; sourceTree = BUILT_PRODUCTS_DIR; };
		3A9A9FD72A5C84B5007BA5C9 /* App.swift */ = {isa = PBXFileReference; lastKnownFileType = sourcecode.swift; path = App.swift; sourceTree = "<group>"; };
		3A9A9FE02A5C84B5007BA5C9 /* ishare.entitlements */ = {isa = PBXFileReference; lastKnownFileType = text.plist.entitlements; path = ishare.entitlements; sourceTree = "<group>"; };
		3A9AA0022A5C8E45007BA5C9 /* Info.plist */ = {isa = PBXFileReference; lastKnownFileType = text.plist; path = Info.plist; sourceTree = "<group>"; };
		3AB345AA2A5D779500AAEC0E /* ScreenCapture.swift */ = {isa = PBXFileReference; lastKnownFileType = sourcecode.swift; path = ScreenCapture.swift; sourceTree = "<group>"; };
		3AB345B02A5E7D4100AAEC0E /* MainMenuView.swift */ = {isa = PBXFileReference; lastKnownFileType = sourcecode.swift; path = MainMenuView.swift; sourceTree = "<group>"; };
		3AB345B52A5E8E6300AAEC0E /* SettingsMenuView.swift */ = {isa = PBXFileReference; lastKnownFileType = sourcecode.swift; path = SettingsMenuView.swift; sourceTree = "<group>"; };
		3AB345C32A5EEB8D00AAEC0E /* ToastPopover.swift */ = {isa = PBXFileReference; lastKnownFileType = sourcecode.swift; path = ToastPopover.swift; sourceTree = "<group>"; };
		3AB345C52A5F0C7A00AAEC0E /* Constants.swift */ = {isa = PBXFileReference; lastKnownFileType = sourcecode.swift; path = Constants.swift; sourceTree = "<group>"; };
		3AB345C72A5F163800AAEC0E /* AppState.swift */ = {isa = PBXFileReference; lastKnownFileType = sourcecode.swift; path = AppState.swift; sourceTree = "<group>"; };
		3AB38D032A62B56B00184E0D /* CustomUploader.swift */ = {isa = PBXFileReference; lastKnownFileType = sourcecode.swift; path = CustomUploader.swift; sourceTree = "<group>"; };
		3AB38D052A62C35C00184E0D /* Custom.swift */ = {isa = PBXFileReference; lastKnownFileType = sourcecode.swift; path = Custom.swift; sourceTree = "<group>"; };
		3AB38D072A62C49C00184E0D /* Upload.swift */ = {isa = PBXFileReference; lastKnownFileType = sourcecode.swift; path = Upload.swift; sourceTree = "<group>"; };
		3AB38D0A2A62F28700184E0D /* UploaderSettings.swift */ = {isa = PBXFileReference; lastKnownFileType = sourcecode.swift; path = UploaderSettings.swift; sourceTree = "<group>"; };
		3AB38D0C2A62F7C500184E0D /* RecordingSettings.swift */ = {isa = PBXFileReference; lastKnownFileType = sourcecode.swift; path = RecordingSettings.swift; sourceTree = "<group>"; };
/* End PBXFileReference section */

/* Begin PBXFrameworksBuildPhase section */
		3A9A9FD12A5C84B5007BA5C9 /* Frameworks */ = {
			isa = PBXFrameworksBuildPhase;
			buildActionMask = 2147483647;
			files = (
				3AB345BC2A5EBA5400AAEC0E /* Defaults in Frameworks */,
				3A17C0792A61A20E0012F285 /* Alamofire in Frameworks */,
				3AB345C22A5ED5B800AAEC0E /* KeyboardShortcuts in Frameworks */,
				3A0679E12A648C0F0088DE6A /* SwiftyJSON in Frameworks */,
				3AB345B92A5EB95E00AAEC0E /* LaunchAtLogin in Frameworks */,
			);
			runOnlyForDeploymentPostprocessing = 0;
		};
/* End PBXFrameworksBuildPhase section */

/* Begin PBXGroup section */
		3A17C07A2A61A2320012F285 /* Http */ = {
			isa = PBXGroup;
			children = (
				3A17C07B2A61A2510012F285 /* Imgur.swift */,
				3AB38D052A62C35C00184E0D /* Custom.swift */,
				3AB38D072A62C49C00184E0D /* Upload.swift */,
			);
			path = Http;
			sourceTree = "<group>";
		};
		3A9A9FCB2A5C84B4007BA5C9 = {
			isa = PBXGroup;
			children = (
				3A9A9FD62A5C84B5007BA5C9 /* ishare */,
				3A9A9FD52A5C84B5007BA5C9 /* Products */,
			);
			sourceTree = "<group>";
		};
		3A9A9FD52A5C84B5007BA5C9 /* Products */ = {
			isa = PBXGroup;
			children = (
				3A9A9FD42A5C84B5007BA5C9 /* ishare.app */,
			);
			name = Products;
			sourceTree = "<group>";
		};
		3A9A9FD62A5C84B5007BA5C9 /* ishare */ = {
			isa = PBXGroup;
			children = (
				3A17C07A2A61A2320012F285 /* Http */,
				3AB345CA2A5F1A9D00AAEC0E /* Util */,
				3AB345C92A5F1A6C00AAEC0E /* Views */,
				3A9AA0022A5C8E45007BA5C9 /* Info.plist */,
				3A9A9FD72A5C84B5007BA5C9 /* App.swift */,
				3A9A9FE02A5C84B5007BA5C9 /* ishare.entitlements */,
			);
			path = ishare;
			sourceTree = "<group>";
		};
		3AB345C92A5F1A6C00AAEC0E /* Views */ = {
			isa = PBXGroup;
			children = (
				3AB38D092A62F26800184E0D /* Settings */,
				3AB345B02A5E7D4100AAEC0E /* MainMenuView.swift */,
				3AB345B52A5E8E6300AAEC0E /* SettingsMenuView.swift */,
			);
			path = Views;
			sourceTree = "<group>";
		};
		3AB345CA2A5F1A9D00AAEC0E /* Util */ = {
			isa = PBXGroup;
			children = (
				3AB345C72A5F163800AAEC0E /* AppState.swift */,
				3AB345AA2A5D779500AAEC0E /* ScreenCapture.swift */,
				3AB345C32A5EEB8D00AAEC0E /* ToastPopover.swift */,
				3AB345C52A5F0C7A00AAEC0E /* Constants.swift */,
				3AB38D032A62B56B00184E0D /* CustomUploader.swift */,
			);
			path = Util;
			sourceTree = "<group>";
		};
		3AB38D092A62F26800184E0D /* Settings */ = {
			isa = PBXGroup;
			children = (
				3AB38D0A2A62F28700184E0D /* UploaderSettings.swift */,
				3AB38D0C2A62F7C500184E0D /* RecordingSettings.swift */,
			);
			path = Settings;
			sourceTree = "<group>";
		};
/* End PBXGroup section */

/* Begin PBXNativeTarget section */
		3A9A9FD32A5C84B5007BA5C9 /* ishare */ = {
			isa = PBXNativeTarget;
			buildConfigurationList = 3A9A9FF92A5C84B5007BA5C9 /* Build configuration list for PBXNativeTarget "ishare" */;
			buildPhases = (
				3A9A9FD02A5C84B5007BA5C9 /* Sources */,
				3A9A9FD12A5C84B5007BA5C9 /* Frameworks */,
				3A9A9FD22A5C84B5007BA5C9 /* Resources */,
			);
			buildRules = (
			);
			dependencies = (
			);
			name = ishare;
			packageProductDependencies = (
				3AB345B82A5EB95E00AAEC0E /* LaunchAtLogin */,
				3AB345BB2A5EBA5400AAEC0E /* Defaults */,
				3AB345C12A5ED5B800AAEC0E /* KeyboardShortcuts */,
				3A17C0782A61A20E0012F285 /* Alamofire */,
				3A0679E02A648C0F0088DE6A /* SwiftyJSON */,
			);
			productName = ishare;
			productReference = 3A9A9FD42A5C84B5007BA5C9 /* ishare.app */;
			productType = "com.apple.product-type.application";
		};
/* End PBXNativeTarget section */

/* Begin PBXProject section */
		3A9A9FCC2A5C84B4007BA5C9 /* Project object */ = {
			isa = PBXProject;
			attributes = {
				BuildIndependentTargetsInParallel = 1;
				LastSwiftUpdateCheck = 1430;
				LastUpgradeCheck = 1430;
				TargetAttributes = {
					3A9A9FD32A5C84B5007BA5C9 = {
						CreatedOnToolsVersion = 14.3.1;
					};
				};
			};
			buildConfigurationList = 3A9A9FCF2A5C84B4007BA5C9 /* Build configuration list for PBXProject "ishare" */;
			compatibilityVersion = "Xcode 14.0";
			developmentRegion = en;
			hasScannedForEncodings = 0;
			knownRegions = (
				en,
				Base,
			);
			mainGroup = 3A9A9FCB2A5C84B4007BA5C9;
			packageReferences = (
				3AB345B72A5EB95E00AAEC0E /* XCRemoteSwiftPackageReference "LaunchAtLogin-Modern" */,
				3AB345BA2A5EBA5400AAEC0E /* XCRemoteSwiftPackageReference "Defaults" */,
				3AB345C02A5ED5B800AAEC0E /* XCRemoteSwiftPackageReference "KeyboardShortcuts" */,
				3A17C0772A61A20E0012F285 /* XCRemoteSwiftPackageReference "Alamofire" */,
				3A0679DF2A648C0F0088DE6A /* XCRemoteSwiftPackageReference "SwiftyJSON" */,
			);
			productRefGroup = 3A9A9FD52A5C84B5007BA5C9 /* Products */;
			projectDirPath = "";
			projectRoot = "";
			targets = (
				3A9A9FD32A5C84B5007BA5C9 /* ishare */,
			);
		};
/* End PBXProject section */

/* Begin PBXResourcesBuildPhase section */
		3A9A9FD22A5C84B5007BA5C9 /* Resources */ = {
			isa = PBXResourcesBuildPhase;
			buildActionMask = 2147483647;
			files = (
			);
			runOnlyForDeploymentPostprocessing = 0;
		};
/* End PBXResourcesBuildPhase section */

/* Begin PBXSourcesBuildPhase section */
		3A9A9FD02A5C84B5007BA5C9 /* Sources */ = {
			isa = PBXSourcesBuildPhase;
			buildActionMask = 2147483647;
			files = (
				3AB345B12A5E7D4100AAEC0E /* MainMenuView.swift in Sources */,
				3A9A9FD82A5C84B5007BA5C9 /* App.swift in Sources */,
				3AB38D0B2A62F28700184E0D /* UploaderSettings.swift in Sources */,
				3A17C07C2A61A2510012F285 /* Imgur.swift in Sources */,
				3AB38D042A62B56B00184E0D /* CustomUploader.swift in Sources */,
				3AB38D0D2A62F7C500184E0D /* RecordingSettings.swift in Sources */,
				3AB38D062A62C35C00184E0D /* Custom.swift in Sources */,
				3AB38D082A62C49C00184E0D /* Upload.swift in Sources */,
				3AB345C82A5F163800AAEC0E /* AppState.swift in Sources */,
				3AB345B62A5E8E6300AAEC0E /* SettingsMenuView.swift in Sources */,
				3AB345C42A5EEB8D00AAEC0E /* ToastPopover.swift in Sources */,
				3AB345AB2A5D779500AAEC0E /* ScreenCapture.swift in Sources */,
				3AB345C62A5F0C7A00AAEC0E /* Constants.swift in Sources */,
			);
			runOnlyForDeploymentPostprocessing = 0;
		};
/* End PBXSourcesBuildPhase section */

/* Begin XCBuildConfiguration section */
		3A9A9FF72A5C84B5007BA5C9 /* Debug */ = {
			isa = XCBuildConfiguration;
			buildSettings = {
				ALWAYS_SEARCH_USER_PATHS = NO;
				CLANG_ANALYZER_NONNULL = YES;
				CLANG_ANALYZER_NUMBER_OBJECT_CONVERSION = YES_AGGRESSIVE;
				CLANG_CXX_LANGUAGE_STANDARD = "gnu++20";
				CLANG_ENABLE_MODULES = YES;
				CLANG_ENABLE_OBJC_ARC = YES;
				CLANG_ENABLE_OBJC_WEAK = YES;
				CLANG_WARN_BLOCK_CAPTURE_AUTORELEASING = YES;
				CLANG_WARN_BOOL_CONVERSION = YES;
				CLANG_WARN_COMMA = YES;
				CLANG_WARN_CONSTANT_CONVERSION = YES;
				CLANG_WARN_DEPRECATED_OBJC_IMPLEMENTATIONS = YES;
				CLANG_WARN_DIRECT_OBJC_ISA_USAGE = YES_ERROR;
				CLANG_WARN_DOCUMENTATION_COMMENTS = YES;
				CLANG_WARN_EMPTY_BODY = YES;
				CLANG_WARN_ENUM_CONVERSION = YES;
				CLANG_WARN_INFINITE_RECURSION = YES;
				CLANG_WARN_INT_CONVERSION = YES;
				CLANG_WARN_NON_LITERAL_NULL_CONVERSION = YES;
				CLANG_WARN_OBJC_IMPLICIT_RETAIN_SELF = YES;
				CLANG_WARN_OBJC_LITERAL_CONVERSION = YES;
				CLANG_WARN_OBJC_ROOT_CLASS = YES_ERROR;
				CLANG_WARN_QUOTED_INCLUDE_IN_FRAMEWORK_HEADER = YES;
				CLANG_WARN_RANGE_LOOP_ANALYSIS = YES;
				CLANG_WARN_STRICT_PROTOTYPES = YES;
				CLANG_WARN_SUSPICIOUS_MOVE = YES;
				CLANG_WARN_UNGUARDED_AVAILABILITY = YES_AGGRESSIVE;
				CLANG_WARN_UNREACHABLE_CODE = YES;
				CLANG_WARN__DUPLICATE_METHOD_MATCH = YES;
				COPY_PHASE_STRIP = NO;
				DEBUG_INFORMATION_FORMAT = dwarf;
				ENABLE_STRICT_OBJC_MSGSEND = YES;
				ENABLE_TESTABILITY = YES;
				GCC_C_LANGUAGE_STANDARD = gnu11;
				GCC_DYNAMIC_NO_PIC = NO;
				GCC_NO_COMMON_BLOCKS = YES;
				GCC_OPTIMIZATION_LEVEL = 0;
				GCC_PREPROCESSOR_DEFINITIONS = (
					"DEBUG=1",
					"$(inherited)",
				);
				GCC_WARN_64_TO_32_BIT_CONVERSION = YES;
				GCC_WARN_ABOUT_RETURN_TYPE = YES_ERROR;
				GCC_WARN_UNDECLARED_SELECTOR = YES;
				GCC_WARN_UNINITIALIZED_AUTOS = YES_AGGRESSIVE;
				GCC_WARN_UNUSED_FUNCTION = YES;
				GCC_WARN_UNUSED_VARIABLE = YES;
				MACOSX_DEPLOYMENT_TARGET = 13.3;
				MTL_ENABLE_DEBUG_INFO = INCLUDE_SOURCE;
				MTL_FAST_MATH = YES;
				ONLY_ACTIVE_ARCH = YES;
				SDKROOT = macosx;
				SWIFT_ACTIVE_COMPILATION_CONDITIONS = DEBUG;
				SWIFT_OPTIMIZATION_LEVEL = "-Onone";
			};
			name = Debug;
		};
		3A9A9FF82A5C84B5007BA5C9 /* Release */ = {
			isa = XCBuildConfiguration;
			buildSettings = {
				ALWAYS_SEARCH_USER_PATHS = NO;
				CLANG_ANALYZER_NONNULL = YES;
				CLANG_ANALYZER_NUMBER_OBJECT_CONVERSION = YES_AGGRESSIVE;
				CLANG_CXX_LANGUAGE_STANDARD = "gnu++20";
				CLANG_ENABLE_MODULES = YES;
				CLANG_ENABLE_OBJC_ARC = YES;
				CLANG_ENABLE_OBJC_WEAK = YES;
				CLANG_WARN_BLOCK_CAPTURE_AUTORELEASING = YES;
				CLANG_WARN_BOOL_CONVERSION = YES;
				CLANG_WARN_COMMA = YES;
				CLANG_WARN_CONSTANT_CONVERSION = YES;
				CLANG_WARN_DEPRECATED_OBJC_IMPLEMENTATIONS = YES;
				CLANG_WARN_DIRECT_OBJC_ISA_USAGE = YES_ERROR;
				CLANG_WARN_DOCUMENTATION_COMMENTS = YES;
				CLANG_WARN_EMPTY_BODY = YES;
				CLANG_WARN_ENUM_CONVERSION = YES;
				CLANG_WARN_INFINITE_RECURSION = YES;
				CLANG_WARN_INT_CONVERSION = YES;
				CLANG_WARN_NON_LITERAL_NULL_CONVERSION = YES;
				CLANG_WARN_OBJC_IMPLICIT_RETAIN_SELF = YES;
				CLANG_WARN_OBJC_LITERAL_CONVERSION = YES;
				CLANG_WARN_OBJC_ROOT_CLASS = YES_ERROR;
				CLANG_WARN_QUOTED_INCLUDE_IN_FRAMEWORK_HEADER = YES;
				CLANG_WARN_RANGE_LOOP_ANALYSIS = YES;
				CLANG_WARN_STRICT_PROTOTYPES = YES;
				CLANG_WARN_SUSPICIOUS_MOVE = YES;
				CLANG_WARN_UNGUARDED_AVAILABILITY = YES_AGGRESSIVE;
				CLANG_WARN_UNREACHABLE_CODE = YES;
				CLANG_WARN__DUPLICATE_METHOD_MATCH = YES;
				COPY_PHASE_STRIP = NO;
				DEBUG_INFORMATION_FORMAT = "dwarf-with-dsym";
				ENABLE_NS_ASSERTIONS = NO;
				ENABLE_STRICT_OBJC_MSGSEND = YES;
				ENABLE_TESTABILITY = YES;
				GCC_C_LANGUAGE_STANDARD = gnu11;
				GCC_NO_COMMON_BLOCKS = YES;
				GCC_WARN_64_TO_32_BIT_CONVERSION = YES;
				GCC_WARN_ABOUT_RETURN_TYPE = YES_ERROR;
				GCC_WARN_UNDECLARED_SELECTOR = YES;
				GCC_WARN_UNINITIALIZED_AUTOS = YES_AGGRESSIVE;
				GCC_WARN_UNUSED_FUNCTION = YES;
				GCC_WARN_UNUSED_VARIABLE = YES;
				MACOSX_DEPLOYMENT_TARGET = 13.3;
				MTL_ENABLE_DEBUG_INFO = NO;
				MTL_FAST_MATH = YES;
				SDKROOT = macosx;
				SWIFT_COMPILATION_MODE = wholemodule;
				SWIFT_OPTIMIZATION_LEVEL = "-O";
			};
			name = Release;
		};
		3A9A9FFA2A5C84B5007BA5C9 /* Debug */ = {
			isa = XCBuildConfiguration;
			buildSettings = {
				ASSETCATALOG_COMPILER_GLOBAL_ACCENT_COLOR_NAME = AccentColor;
				CODE_SIGN_ENTITLEMENTS = ishare/ishare.entitlements;
				"CODE_SIGN_IDENTITY[sdk=macosx*]" = "Apple Development";
				CODE_SIGN_STYLE = Automatic;
				COMBINE_HIDPI_IMAGES = YES;
				CURRENT_PROJECT_VERSION = 1;
				DEVELOPMENT_ASSET_PATHS = "";
				DEVELOPMENT_TEAM = L988J7YMK5;
				ENABLE_PREVIEWS = YES;
				ENABLE_TESTING_SEARCH_PATHS = NO;
				GENERATE_INFOPLIST_FILE = YES;
				INFOPLIST_FILE = ishare/Info.plist;
				INFOPLIST_KEY_CFBundleDisplayName = ishare;
				INFOPLIST_KEY_LSApplicationCategoryType = "public.app-category.utilities";
				INFOPLIST_KEY_LSUIElement = YES;
				INFOPLIST_KEY_NSHumanReadableCopyright = "";
				LD_RUNPATH_SEARCH_PATHS = (
					"$(inherited)",
					"@executable_path/../Frameworks",
				);
				MARKETING_VERSION = 1.0;
				PRODUCT_BUNDLE_IDENTIFIER = com.castdrian.ishare;
				PRODUCT_NAME = "$(TARGET_NAME)";
				SWIFT_EMIT_LOC_STRINGS = YES;
				SWIFT_VERSION = 5.0;
			};
			name = Debug;
		};
		3A9A9FFB2A5C84B5007BA5C9 /* Release */ = {
			isa = XCBuildConfiguration;
			buildSettings = {
				ASSETCATALOG_COMPILER_GLOBAL_ACCENT_COLOR_NAME = AccentColor;
				CODE_SIGN_ENTITLEMENTS = ishare/ishare.entitlements;
				"CODE_SIGN_IDENTITY[sdk=macosx*]" = "Apple Development";
				CODE_SIGN_STYLE = Automatic;
				COMBINE_HIDPI_IMAGES = YES;
				CURRENT_PROJECT_VERSION = 1;
				DEVELOPMENT_ASSET_PATHS = "";
				DEVELOPMENT_TEAM = L988J7YMK5;
				ENABLE_PREVIEWS = YES;
				ENABLE_TESTABILITY = NO;
				ENABLE_TESTING_SEARCH_PATHS = NO;
				GENERATE_INFOPLIST_FILE = YES;
				INFOPLIST_FILE = ishare/Info.plist;
				INFOPLIST_KEY_CFBundleDisplayName = ishare;
				INFOPLIST_KEY_LSApplicationCategoryType = "public.app-category.utilities";
				INFOPLIST_KEY_LSUIElement = YES;
				INFOPLIST_KEY_NSHumanReadableCopyright = "";
				LD_RUNPATH_SEARCH_PATHS = (
					"$(inherited)",
					"@executable_path/../Frameworks",
				);
				MARKETING_VERSION = 1.0;
				PRODUCT_BUNDLE_IDENTIFIER = com.castdrian.ishare;
				PRODUCT_NAME = "$(TARGET_NAME)";
				SWIFT_EMIT_LOC_STRINGS = YES;
				SWIFT_VERSION = 5.0;
			};
			name = Release;
		};
/* End XCBuildConfiguration section */

/* Begin XCConfigurationList section */
		3A9A9FCF2A5C84B4007BA5C9 /* Build configuration list for PBXProject "ishare" */ = {
			isa = XCConfigurationList;
			buildConfigurations = (
				3A9A9FF72A5C84B5007BA5C9 /* Debug */,
				3A9A9FF82A5C84B5007BA5C9 /* Release */,
			);
			defaultConfigurationIsVisible = 0;
			defaultConfigurationName = Release;
		};
		3A9A9FF92A5C84B5007BA5C9 /* Build configuration list for PBXNativeTarget "ishare" */ = {
			isa = XCConfigurationList;
			buildConfigurations = (
				3A9A9FFA2A5C84B5007BA5C9 /* Debug */,
				3A9A9FFB2A5C84B5007BA5C9 /* Release */,
			);
			defaultConfigurationIsVisible = 0;
			defaultConfigurationName = Release;
		};
/* End XCConfigurationList section */

/* Begin XCRemoteSwiftPackageReference section */
		3A0679DF2A648C0F0088DE6A /* XCRemoteSwiftPackageReference "SwiftyJSON" */ = {
			isa = XCRemoteSwiftPackageReference;
			repositoryURL = "https://github.com/SwiftyJSON/SwiftyJSON.git";
			requirement = {
				kind = upToNextMajorVersion;
				minimumVersion = 5.0.0;
			};
		};
		3A17C0772A61A20E0012F285 /* XCRemoteSwiftPackageReference "Alamofire" */ = {
			isa = XCRemoteSwiftPackageReference;
			repositoryURL = "https://github.com/Alamofire/Alamofire.git";
			requirement = {
				kind = upToNextMajorVersion;
				minimumVersion = 5.0.0;
			};
		};
		3AB345B72A5EB95E00AAEC0E /* XCRemoteSwiftPackageReference "LaunchAtLogin-Modern" */ = {
			isa = XCRemoteSwiftPackageReference;
			repositoryURL = "https://github.com/sindresorhus/LaunchAtLogin-Modern";
			requirement = {
				branch = main;
				kind = branch;
			};
		};
		3AB345BA2A5EBA5400AAEC0E /* XCRemoteSwiftPackageReference "Defaults" */ = {
			isa = XCRemoteSwiftPackageReference;
			repositoryURL = "https://github.com/sindresorhus/Defaults";
			requirement = {
				branch = main;
				kind = branch;
			};
		};
		3AB345C02A5ED5B800AAEC0E /* XCRemoteSwiftPackageReference "KeyboardShortcuts" */ = {
			isa = XCRemoteSwiftPackageReference;
			repositoryURL = "https://github.com/sindresorhus/KeyboardShortcuts";
			requirement = {
				kind = upToNextMajorVersion;
				minimumVersion = 1.0.0;
			};
		};
/* End XCRemoteSwiftPackageReference section */

/* Begin XCSwiftPackageProductDependency section */
		3A0679E02A648C0F0088DE6A /* SwiftyJSON */ = {
			isa = XCSwiftPackageProductDependency;
			package = 3A0679DF2A648C0F0088DE6A /* XCRemoteSwiftPackageReference "SwiftyJSON" */;
			productName = SwiftyJSON;
		};
		3A17C0782A61A20E0012F285 /* Alamofire */ = {
			isa = XCSwiftPackageProductDependency;
			package = 3A17C0772A61A20E0012F285 /* XCRemoteSwiftPackageReference "Alamofire" */;
			productName = Alamofire;
		};
		3AB345B82A5EB95E00AAEC0E /* LaunchAtLogin */ = {
			isa = XCSwiftPackageProductDependency;
			package = 3AB345B72A5EB95E00AAEC0E /* XCRemoteSwiftPackageReference "LaunchAtLogin-Modern" */;
			productName = LaunchAtLogin;
		};
		3AB345BB2A5EBA5400AAEC0E /* Defaults */ = {
			isa = XCSwiftPackageProductDependency;
			package = 3AB345BA2A5EBA5400AAEC0E /* XCRemoteSwiftPackageReference "Defaults" */;
			productName = Defaults;
		};
		3AB345C12A5ED5B800AAEC0E /* KeyboardShortcuts */ = {
			isa = XCSwiftPackageProductDependency;
			package = 3AB345C02A5ED5B800AAEC0E /* XCRemoteSwiftPackageReference "KeyboardShortcuts" */;
			productName = KeyboardShortcuts;
		};
/* End XCSwiftPackageProductDependency section */
	};
	rootObject = 3A9A9FCC2A5C84B4007BA5C9 /* Project object */;
}
