// !$*UTF8*$!
{
	archiveVersion = 1;
	classes = {
	};
	objectVersion = 56;
	objects = {

/* Begin PBXBuildFile section */
		3A9A9FD82A5C84B5007BA5C9 /* ishareApp.swift in Sources */ = {isa = PBXBuildFile; fileRef = 3A9A9FD72A5C84B5007BA5C9 /* ishareApp.swift */; };
		3A9A9FDA2A5C84B5007BA5C9 /* ContentView.swift in Sources */ = {isa = PBXBuildFile; fileRef = 3A9A9FD92A5C84B5007BA5C9 /* ContentView.swift */; };
		3A9A9FDC2A5C84B5007BA5C9 /* Assets.xcassets in Resources */ = {isa = PBXBuildFile; fileRef = 3A9A9FDB2A5C84B5007BA5C9 /* Assets.xcassets */; };
		3A9A9FDF2A5C84B5007BA5C9 /* Preview Assets.xcassets in Resources */ = {isa = PBXBuildFile; fileRef = 3A9A9FDE2A5C84B5007BA5C9 /* Preview Assets.xcassets */; };
		3A9A9FEA2A5C84B5007BA5C9 /* ishareTests.swift in Sources */ = {isa = PBXBuildFile; fileRef = 3A9A9FE92A5C84B5007BA5C9 /* ishareTests.swift */; };
		3A9A9FF42A5C84B5007BA5C9 /* ishareUITests.swift in Sources */ = {isa = PBXBuildFile; fileRef = 3A9A9FF32A5C84B5007BA5C9 /* ishareUITests.swift */; };
		3A9A9FF62A5C84B5007BA5C9 /* ishareUITestsLaunchTests.swift in Sources */ = {isa = PBXBuildFile; fileRef = 3A9A9FF52A5C84B5007BA5C9 /* ishareUITestsLaunchTests.swift */; };
/* End PBXBuildFile section */

/* Begin PBXContainerItemProxy section */
		3A9A9FE62A5C84B5007BA5C9 /* PBXContainerItemProxy */ = {
			isa = PBXContainerItemProxy;
			containerPortal = 3A9A9FCC2A5C84B4007BA5C9 /* Project object */;
			proxyType = 1;
			remoteGlobalIDString = 3A9A9FD32A5C84B5007BA5C9;
			remoteInfo = ishare;
		};
		3A9A9FF02A5C84B5007BA5C9 /* PBXContainerItemProxy */ = {
			isa = PBXContainerItemProxy;
			containerPortal = 3A9A9FCC2A5C84B4007BA5C9 /* Project object */;
			proxyType = 1;
			remoteGlobalIDString = 3A9A9FD32A5C84B5007BA5C9;
			remoteInfo = ishare;
		};
/* End PBXContainerItemProxy section */

/* Begin PBXFileReference section */
		3A9A9FD42A5C84B5007BA5C9 /* ishare.app */ = {isa = PBXFileReference; explicitFileType = wrapper.application; includeInIndex = 0; path = ishare.app; sourceTree = BUILT_PRODUCTS_DIR; };
		3A9A9FD72A5C84B5007BA5C9 /* ishareApp.swift */ = {isa = PBXFileReference; lastKnownFileType = sourcecode.swift; path = ishareApp.swift; sourceTree = "<group>"; };
		3A9A9FD92A5C84B5007BA5C9 /* ContentView.swift */ = {isa = PBXFileReference; lastKnownFileType = sourcecode.swift; path = ContentView.swift; sourceTree = "<group>"; };
		3A9A9FDB2A5C84B5007BA5C9 /* Assets.xcassets */ = {isa = PBXFileReference; lastKnownFileType = folder.assetcatalog; path = Assets.xcassets; sourceTree = "<group>"; };
		3A9A9FDE2A5C84B5007BA5C9 /* Preview Assets.xcassets */ = {isa = PBXFileReference; lastKnownFileType = folder.assetcatalog; path = "Preview Assets.xcassets"; sourceTree = "<group>"; };
		3A9A9FE02A5C84B5007BA5C9 /* ishare.entitlements */ = {isa = PBXFileReference; lastKnownFileType = text.plist.entitlements; path = ishare.entitlements; sourceTree = "<group>"; };
		3A9A9FE52A5C84B5007BA5C9 /* ishareTests.xctest */ = {isa = PBXFileReference; explicitFileType = wrapper.cfbundle; includeInIndex = 0; path = ishareTests.xctest; sourceTree = BUILT_PRODUCTS_DIR; };
		3A9A9FE92A5C84B5007BA5C9 /* ishareTests.swift */ = {isa = PBXFileReference; lastKnownFileType = sourcecode.swift; path = ishareTests.swift; sourceTree = "<group>"; };
		3A9A9FEF2A5C84B5007BA5C9 /* ishareUITests.xctest */ = {isa = PBXFileReference; explicitFileType = wrapper.cfbundle; includeInIndex = 0; path = ishareUITests.xctest; sourceTree = BUILT_PRODUCTS_DIR; };
		3A9A9FF32A5C84B5007BA5C9 /* ishareUITests.swift */ = {isa = PBXFileReference; lastKnownFileType = sourcecode.swift; path = ishareUITests.swift; sourceTree = "<group>"; };
		3A9A9FF52A5C84B5007BA5C9 /* ishareUITestsLaunchTests.swift */ = {isa = PBXFileReference; lastKnownFileType = sourcecode.swift; path = ishareUITestsLaunchTests.swift; sourceTree = "<group>"; };
/* End PBXFileReference section */

/* Begin PBXFrameworksBuildPhase section */
		3A9A9FD12A5C84B5007BA5C9 /* Frameworks */ = {
			isa = PBXFrameworksBuildPhase;
			buildActionMask = 2147483647;
			files = (
			);
			runOnlyForDeploymentPostprocessing = 0;
		};
		3A9A9FE22A5C84B5007BA5C9 /* Frameworks */ = {
			isa = PBXFrameworksBuildPhase;
			buildActionMask = 2147483647;
			files = (
			);
			runOnlyForDeploymentPostprocessing = 0;
		};
		3A9A9FEC2A5C84B5007BA5C9 /* Frameworks */ = {
			isa = PBXFrameworksBuildPhase;
			buildActionMask = 2147483647;
			files = (
			);
			runOnlyForDeploymentPostprocessing = 0;
		};
/* End PBXFrameworksBuildPhase section */

/* Begin PBXGroup section */
		3A9A9FCB2A5C84B4007BA5C9 = {
			isa = PBXGroup;
			children = (
				3A9A9FD62A5C84B5007BA5C9 /* ishare */,
				3A9A9FE82A5C84B5007BA5C9 /* ishareTests */,
				3A9A9FF22A5C84B5007BA5C9 /* ishareUITests */,
				3A9A9FD52A5C84B5007BA5C9 /* Products */,
			);
			sourceTree = "<group>";
		};
		3A9A9FD52A5C84B5007BA5C9 /* Products */ = {
			isa = PBXGroup;
			children = (
				3A9A9FD42A5C84B5007BA5C9 /* ishare.app */,
				3A9A9FE52A5C84B5007BA5C9 /* ishareTests.xctest */,
				3A9A9FEF2A5C84B5007BA5C9 /* ishareUITests.xctest */,
			);
			name = Products;
			sourceTree = "<group>";
		};
		3A9A9FD62A5C84B5007BA5C9 /* ishare */ = {
			isa = PBXGroup;
			children = (
				3A9A9FD72A5C84B5007BA5C9 /* ishareApp.swift */,
				3A9A9FD92A5C84B5007BA5C9 /* ContentView.swift */,
				3A9A9FDB2A5C84B5007BA5C9 /* Assets.xcassets */,
				3A9A9FE02A5C84B5007BA5C9 /* ishare.entitlements */,
				3A9A9FDD2A5C84B5007BA5C9 /* Preview Content */,
			);
			path = ishare;
			sourceTree = "<group>";
		};
		3A9A9FDD2A5C84B5007BA5C9 /* Preview Content */ = {
			isa = PBXGroup;
			children = (
				3A9A9FDE2A5C84B5007BA5C9 /* Preview Assets.xcassets */,
			);
			path = "Preview Content";
			sourceTree = "<group>";
		};
		3A9A9FE82A5C84B5007BA5C9 /* ishareTests */ = {
			isa = PBXGroup;
			children = (
				3A9A9FE92A5C84B5007BA5C9 /* ishareTests.swift */,
			);
			path = ishareTests;
			sourceTree = "<group>";
		};
		3A9A9FF22A5C84B5007BA5C9 /* ishareUITests */ = {
			isa = PBXGroup;
			children = (
				3A9A9FF32A5C84B5007BA5C9 /* ishareUITests.swift */,
				3A9A9FF52A5C84B5007BA5C9 /* ishareUITestsLaunchTests.swift */,
			);
			path = ishareUITests;
			sourceTree = "<group>";
		};
/* End PBXGroup section */

/* Begin PBXNativeTarget section */
		3A9A9FD32A5C84B5007BA5C9 /* ishare */ = {
			isa = PBXNativeTarget;
			buildConfigurationList = 3A9A9FF92A5C84B5007BA5C9 /* Build configuration list for PBXNativeTarget "ishare" */;
			buildPhases = (
				3A9A9FD02A5C84B5007BA5C9 /* Sources */,
				3A9A9FD12A5C84B5007BA5C9 /* Frameworks */,
				3A9A9FD22A5C84B5007BA5C9 /* Resources */,
			);
			buildRules = (
			);
			dependencies = (
			);
			name = ishare;
			productName = ishare;
			productReference = 3A9A9FD42A5C84B5007BA5C9 /* ishare.app */;
			productType = "com.apple.product-type.application";
		};
		3A9A9FE42A5C84B5007BA5C9 /* ishareTests */ = {
			isa = PBXNativeTarget;
			buildConfigurationList = 3A9A9FFC2A5C84B5007BA5C9 /* Build configuration list for PBXNativeTarget "ishareTests" */;
			buildPhases = (
				3A9A9FE12A5C84B5007BA5C9 /* Sources */,
				3A9A9FE22A5C84B5007BA5C9 /* Frameworks */,
				3A9A9FE32A5C84B5007BA5C9 /* Resources */,
			);
			buildRules = (
			);
			dependencies = (
				3A9A9FE72A5C84B5007BA5C9 /* PBXTargetDependency */,
			);
			name = ishareTests;
			productName = ishareTests;
			productReference = 3A9A9FE52A5C84B5007BA5C9 /* ishareTests.xctest */;
			productType = "com.apple.product-type.bundle.unit-test";
		};
		3A9A9FEE2A5C84B5007BA5C9 /* ishareUITests */ = {
			isa = PBXNativeTarget;
			buildConfigurationList = 3A9A9FFF2A5C84B5007BA5C9 /* Build configuration list for PBXNativeTarget "ishareUITests" */;
			buildPhases = (
				3A9A9FEB2A5C84B5007BA5C9 /* Sources */,
				3A9A9FEC2A5C84B5007BA5C9 /* Frameworks */,
				3A9A9FED2A5C84B5007BA5C9 /* Resources */,
			);
			buildRules = (
			);
			dependencies = (
				3A9A9FF12A5C84B5007BA5C9 /* PBXTargetDependency */,
			);
			name = ishareUITests;
			productName = ishareUITests;
			productReference = 3A9A9FEF2A5C84B5007BA5C9 /* ishareUITests.xctest */;
			productType = "com.apple.product-type.bundle.ui-testing";
		};
/* End PBXNativeTarget section */

/* Begin PBXProject section */
		3A9A9FCC2A5C84B4007BA5C9 /* Project object */ = {
			isa = PBXProject;
			attributes = {
				BuildIndependentTargetsInParallel = 1;
				LastSwiftUpdateCheck = 1430;
				LastUpgradeCheck = 1430;
				TargetAttributes = {
					3A9A9FD32A5C84B5007BA5C9 = {
						CreatedOnToolsVersion = 14.3.1;
					};
					3A9A9FE42A5C84B5007BA5C9 = {
						CreatedOnToolsVersion = 14.3.1;
						TestTargetID = 3A9A9FD32A5C84B5007BA5C9;
					};
					3A9A9FEE2A5C84B5007BA5C9 = {
						CreatedOnToolsVersion = 14.3.1;
						TestTargetID = 3A9A9FD32A5C84B5007BA5C9;
					};
				};
			};
			buildConfigurationList = 3A9A9FCF2A5C84B4007BA5C9 /* Build configuration list for PBXProject "ishare" */;
			compatibilityVersion = "Xcode 14.0";
			developmentRegion = en;
			hasScannedForEncodings = 0;
			knownRegions = (
				en,
				Base,
			);
			mainGroup = 3A9A9FCB2A5C84B4007BA5C9;
			productRefGroup = 3A9A9FD52A5C84B5007BA5C9 /* Products */;
			projectDirPath = "";
			projectRoot = "";
			targets = (
				3A9A9FD32A5C84B5007BA5C9 /* ishare */,
				3A9A9FE42A5C84B5007BA5C9 /* ishareTests */,
				3A9A9FEE2A5C84B5007BA5C9 /* ishareUITests */,
			);
		};
/* End PBXProject section */

/* Begin PBXResourcesBuildPhase section */
		3A9A9FD22A5C84B5007BA5C9 /* Resources */ = {
			isa = PBXResourcesBuildPhase;
			buildActionMask = 2147483647;
			files = (
				3A9A9FDF2A5C84B5007BA5C9 /* Preview Assets.xcassets in Resources */,
				3A9A9FDC2A5C84B5007BA5C9 /* Assets.xcassets in Resources */,
			);
			runOnlyForDeploymentPostprocessing = 0;
		};
		3A9A9FE32A5C84B5007BA5C9 /* Resources */ = {
			isa = PBXResourcesBuildPhase;
			buildActionMask = 2147483647;
			files = (
			);
			runOnlyForDeploymentPostprocessing = 0;
		};
		3A9A9FED2A5C84B5007BA5C9 /* Resources */ = {
			isa = PBXResourcesBuildPhase;
			buildActionMask = 2147483647;
			files = (
			);
			runOnlyForDeploymentPostprocessing = 0;
		};
/* End PBXResourcesBuildPhase section */

/* Begin PBXSourcesBuildPhase section */
		3A9A9FD02A5C84B5007BA5C9 /* Sources */ = {
			isa = PBXSourcesBuildPhase;
			buildActionMask = 2147483647;
			files = (
				3A9A9FDA2A5C84B5007BA5C9 /* ContentView.swift in Sources */,
				3A9A9FD82A5C84B5007BA5C9 /* ishareApp.swift in Sources */,
			);
			runOnlyForDeploymentPostprocessing = 0;
		};
		3A9A9FE12A5C84B5007BA5C9 /* Sources */ = {
			isa = PBXSourcesBuildPhase;
			buildActionMask = 2147483647;
			files = (
				3A9A9FEA2A5C84B5007BA5C9 /* ishareTests.swift in Sources */,
			);
			runOnlyForDeploymentPostprocessing = 0;
		};
		3A9A9FEB2A5C84B5007BA5C9 /* Sources */ = {
			isa = PBXSourcesBuildPhase;
			buildActionMask = 2147483647;
			files = (
				3A9A9FF62A5C84B5007BA5C9 /* ishareUITestsLaunchTests.swift in Sources */,
				3A9A9FF42A5C84B5007BA5C9 /* ishareUITests.swift in Sources */,
			);
			runOnlyForDeploymentPostprocessing = 0;
		};
/* End PBXSourcesBuildPhase section */

/* Begin PBXTargetDependency section */
		3A9A9FE72A5C84B5007BA5C9 /* PBXTargetDependency */ = {
			isa = PBXTargetDependency;
			target = 3A9A9FD32A5C84B5007BA5C9 /* ishare */;
			targetProxy = 3A9A9FE62A5C84B5007BA5C9 /* PBXContainerItemProxy */;
		};
		3A9A9FF12A5C84B5007BA5C9 /* PBXTargetDependency */ = {
			isa = PBXTargetDependency;
			target = 3A9A9FD32A5C84B5007BA5C9 /* ishare */;
			targetProxy = 3A9A9FF02A5C84B5007BA5C9 /* PBXContainerItemProxy */;
		};
/* End PBXTargetDependency section */

/* Begin XCBuildConfiguration section */
		3A9A9FF72A5C84B5007BA5C9 /* Debug */ = {
			isa = XCBuildConfiguration;
			buildSettings = {
				ALWAYS_SEARCH_USER_PATHS = NO;
				CLANG_ANALYZER_NONNULL = YES;
				CLANG_ANALYZER_NUMBER_OBJECT_CONVERSION = YES_AGGRESSIVE;
				CLANG_CXX_LANGUAGE_STANDARD = "gnu++20";
				CLANG_ENABLE_MODULES = YES;
				CLANG_ENABLE_OBJC_ARC = YES;
				CLANG_ENABLE_OBJC_WEAK = YES;
				CLANG_WARN_BLOCK_CAPTURE_AUTORELEASING = YES;
				CLANG_WARN_BOOL_CONVERSION = YES;
				CLANG_WARN_COMMA = YES;
				CLANG_WARN_CONSTANT_CONVERSION = YES;
				CLANG_WARN_DEPRECATED_OBJC_IMPLEMENTATIONS = YES;
				CLANG_WARN_DIRECT_OBJC_ISA_USAGE = YES_ERROR;
				CLANG_WARN_DOCUMENTATION_COMMENTS = YES;
				CLANG_WARN_EMPTY_BODY = YES;
				CLANG_WARN_ENUM_CONVERSION = YES;
				CLANG_WARN_INFINITE_RECURSION = YES;
				CLANG_WARN_INT_CONVERSION = YES;
				CLANG_WARN_NON_LITERAL_NULL_CONVERSION = YES;
				CLANG_WARN_OBJC_IMPLICIT_RETAIN_SELF = YES;
				CLANG_WARN_OBJC_LITERAL_CONVERSION = YES;
				CLANG_WARN_OBJC_ROOT_CLASS = YES_ERROR;
				CLANG_WARN_QUOTED_INCLUDE_IN_FRAMEWORK_HEADER = YES;
				CLANG_WARN_RANGE_LOOP_ANALYSIS = YES;
				CLANG_WARN_STRICT_PROTOTYPES = YES;
				CLANG_WARN_SUSPICIOUS_MOVE = YES;
				CLANG_WARN_UNGUARDED_AVAILABILITY = YES_AGGRESSIVE;
				CLANG_WARN_UNREACHABLE_CODE = YES;
				CLANG_WARN__DUPLICATE_METHOD_MATCH = YES;
				COPY_PHASE_STRIP = NO;
				DEBUG_INFORMATION_FORMAT = dwarf;
				ENABLE_STRICT_OBJC_MSGSEND = YES;
				ENABLE_TESTABILITY = YES;
				GCC_C_LANGUAGE_STANDARD = gnu11;
				GCC_DYNAMIC_NO_PIC = NO;
				GCC_NO_COMMON_BLOCKS = YES;
				GCC_OPTIMIZATION_LEVEL = 0;
				GCC_PREPROCESSOR_DEFINITIONS = (
					"DEBUG=1",
					"$(inherited)",
				);
				GCC_WARN_64_TO_32_BIT_CONVERSION = YES;
				GCC_WARN_ABOUT_RETURN_TYPE = YES_ERROR;
				GCC_WARN_UNDECLARED_SELECTOR = YES;
				GCC_WARN_UNINITIALIZED_AUTOS = YES_AGGRESSIVE;
				GCC_WARN_UNUSED_FUNCTION = YES;
				GCC_WARN_UNUSED_VARIABLE = YES;
				MACOSX_DEPLOYMENT_TARGET = 13.3;
				MTL_ENABLE_DEBUG_INFO = INCLUDE_SOURCE;
				MTL_FAST_MATH = YES;
				ONLY_ACTIVE_ARCH = YES;
				SDKROOT = macosx;
				SWIFT_ACTIVE_COMPILATION_CONDITIONS = DEBUG;
				SWIFT_OPTIMIZATION_LEVEL = "-Onone";
			};
			name = Debug;
		};
		3A9A9FF82A5C84B5007BA5C9 /* Release */ = {
			isa = XCBuildConfiguration;
			buildSettings = {
				ALWAYS_SEARCH_USER_PATHS = NO;
				CLANG_ANALYZER_NONNULL = YES;
				CLANG_ANALYZER_NUMBER_OBJECT_CONVERSION = YES_AGGRESSIVE;
				CLANG_CXX_LANGUAGE_STANDARD = "gnu++20";
				CLANG_ENABLE_MODULES = YES;
				CLANG_ENABLE_OBJC_ARC = YES;
				CLANG_ENABLE_OBJC_WEAK = YES;
				CLANG_WARN_BLOCK_CAPTURE_AUTORELEASING = YES;
				CLANG_WARN_BOOL_CONVERSION = YES;
				CLANG_WARN_COMMA = YES;
				CLANG_WARN_CONSTANT_CONVERSION = YES;
				CLANG_WARN_DEPRECATED_OBJC_IMPLEMENTATIONS = YES;
				CLANG_WARN_DIRECT_OBJC_ISA_USAGE = YES_ERROR;
				CLANG_WARN_DOCUMENTATION_COMMENTS = YES;
				CLANG_WARN_EMPTY_BODY = YES;
				CLANG_WARN_ENUM_CONVERSION = YES;
				CLANG_WARN_INFINITE_RECURSION = YES;
				CLANG_WARN_INT_CONVERSION = YES;
				CLANG_WARN_NON_LITERAL_NULL_CONVERSION = YES;
				CLANG_WARN_OBJC_IMPLICIT_RETAIN_SELF = YES;
				CLANG_WARN_OBJC_LITERAL_CONVERSION = YES;
				CLANG_WARN_OBJC_ROOT_CLASS = YES_ERROR;
				CLANG_WARN_QUOTED_INCLUDE_IN_FRAMEWORK_HEADER = YES;
				CLANG_WARN_RANGE_LOOP_ANALYSIS = YES;
				CLANG_WARN_STRICT_PROTOTYPES = YES;
				CLANG_WARN_SUSPICIOUS_MOVE = YES;
				CLANG_WARN_UNGUARDED_AVAILABILITY = YES_AGGRESSIVE;
				CLANG_WARN_UNREACHABLE_CODE = YES;
				CLANG_WARN__DUPLICATE_METHOD_MATCH = YES;
				COPY_PHASE_STRIP = NO;
				DEBUG_INFORMATION_FORMAT = "dwarf-with-dsym";
				ENABLE_NS_ASSERTIONS = NO;
				ENABLE_STRICT_OBJC_MSGSEND = YES;
				GCC_C_LANGUAGE_STANDARD = gnu11;
				GCC_NO_COMMON_BLOCKS = YES;
				GCC_WARN_64_TO_32_BIT_CONVERSION = YES;
				GCC_WARN_ABOUT_RETURN_TYPE = YES_ERROR;
				GCC_WARN_UNDECLARED_SELECTOR = YES;
				GCC_WARN_UNINITIALIZED_AUTOS = YES_AGGRESSIVE;
				GCC_WARN_UNUSED_FUNCTION = YES;
				GCC_WARN_UNUSED_VARIABLE = YES;
				MACOSX_DEPLOYMENT_TARGET = 13.3;
				MTL_ENABLE_DEBUG_INFO = NO;
				MTL_FAST_MATH = YES;
				SDKROOT = macosx;
				SWIFT_COMPILATION_MODE = wholemodule;
				SWIFT_OPTIMIZATION_LEVEL = "-O";
			};
			name = Release;
		};
		3A9A9FFA2A5C84B5007BA5C9 /* Debug */ = {
			isa = XCBuildConfiguration;
			buildSettings = {
				ASSETCATALOG_COMPILER_APPICON_NAME = AppIcon;
				ASSETCATALOG_COMPILER_GLOBAL_ACCENT_COLOR_NAME = AccentColor;
				CODE_SIGN_ENTITLEMENTS = ishare/ishare.entitlements;
				CODE_SIGN_STYLE = Automatic;
				COMBINE_HIDPI_IMAGES = YES;
				CURRENT_PROJECT_VERSION = 1;
				DEVELOPMENT_ASSET_PATHS = "\"ishare/Preview Content\"";
				ENABLE_PREVIEWS = YES;
				GENERATE_INFOPLIST_FILE = YES;
				INFOPLIST_KEY_NSHumanReadableCopyright = "";
				LD_RUNPATH_SEARCH_PATHS = (
					"$(inherited)",
					"@executable_path/../Frameworks",
				);
				MARKETING_VERSION = 1.0;
				PRODUCT_BUNDLE_IDENTIFIER = com.castdrian.ishare;
				PRODUCT_NAME = "$(TARGET_NAME)";
				SWIFT_EMIT_LOC_STRINGS = YES;
				SWIFT_VERSION = 5.0;
			};
			name = Debug;
		};
		3A9A9FFB2A5C84B5007BA5C9 /* Release */ = {
			isa = XCBuildConfiguration;
			buildSettings = {
				ASSETCATALOG_COMPILER_APPICON_NAME = AppIcon;
				ASSETCATALOG_COMPILER_GLOBAL_ACCENT_COLOR_NAME = AccentColor;
				CODE_SIGN_ENTITLEMENTS = ishare/ishare.entitlements;
				CODE_SIGN_STYLE = Automatic;
				COMBINE_HIDPI_IMAGES = YES;
				CURRENT_PROJECT_VERSION = 1;
				DEVELOPMENT_ASSET_PATHS = "\"ishare/Preview Content\"";
				ENABLE_PREVIEWS = YES;
				GENERATE_INFOPLIST_FILE = YES;
				INFOPLIST_KEY_NSHumanReadableCopyright = "";
				LD_RUNPATH_SEARCH_PATHS = (
					"$(inherited)",
					"@executable_path/../Frameworks",
				);
				MARKETING_VERSION = 1.0;
				PRODUCT_BUNDLE_IDENTIFIER = com.castdrian.ishare;
				PRODUCT_NAME = "$(TARGET_NAME)";
				SWIFT_EMIT_LOC_STRINGS = YES;
				SWIFT_VERSION = 5.0;
			};
			name = Release;
		};
		3A9A9FFD2A5C84B5007BA5C9 /* Debug */ = {
			isa = XCBuildConfiguration;
			buildSettings = {
				ALWAYS_EMBED_SWIFT_STANDARD_LIBRARIES = YES;
				BUNDLE_LOADER = "$(TEST_HOST)";
				CODE_SIGN_STYLE = Automatic;
				CURRENT_PROJECT_VERSION = 1;
				GENERATE_INFOPLIST_FILE = YES;
				MACOSX_DEPLOYMENT_TARGET = 13.3;
				MARKETING_VERSION = 1.0;
				PRODUCT_BUNDLE_IDENTIFIER = com.castdrian.ishareTests;
				PRODUCT_NAME = "$(TARGET_NAME)";
				SWIFT_EMIT_LOC_STRINGS = NO;
				SWIFT_VERSION = 5.0;
				TEST_HOST = "$(BUILT_PRODUCTS_DIR)/ishare.app/$(BUNDLE_EXECUTABLE_FOLDER_PATH)/ishare";
			};
			name = Debug;
		};
		3A9A9FFE2A5C84B5007BA5C9 /* Release */ = {
			isa = XCBuildConfiguration;
			buildSettings = {
				ALWAYS_EMBED_SWIFT_STANDARD_LIBRARIES = YES;
				BUNDLE_LOADER = "$(TEST_HOST)";
				CODE_SIGN_STYLE = Automatic;
				CURRENT_PROJECT_VERSION = 1;
				GENERATE_INFOPLIST_FILE = YES;
				MACOSX_DEPLOYMENT_TARGET = 13.3;
				MARKETING_VERSION = 1.0;
				PRODUCT_BUNDLE_IDENTIFIER = com.castdrian.ishareTests;
				PRODUCT_NAME = "$(TARGET_NAME)";
				SWIFT_EMIT_LOC_STRINGS = NO;
				SWIFT_VERSION = 5.0;
				TEST_HOST = "$(BUILT_PRODUCTS_DIR)/ishare.app/$(BUNDLE_EXECUTABLE_FOLDER_PATH)/ishare";
			};
			name = Release;
		};
		3A9AA0002A5C84B5007BA5C9 /* Debug */ = {
			isa = XCBuildConfiguration;
			buildSettings = {
				ALWAYS_EMBED_SWIFT_STANDARD_LIBRARIES = YES;
				CODE_SIGN_STYLE = Automatic;
				CURRENT_PROJECT_VERSION = 1;
				GENERATE_INFOPLIST_FILE = YES;
				MARKETING_VERSION = 1.0;
				PRODUCT_BUNDLE_IDENTIFIER = com.castdrian.ishareUITests;
				PRODUCT_NAME = "$(TARGET_NAME)";
				SWIFT_EMIT_LOC_STRINGS = NO;
				SWIFT_VERSION = 5.0;
				TEST_TARGET_NAME = ishare;
			};
			name = Debug;
		};
		3A9AA0012A5C84B5007BA5C9 /* Release */ = {
			isa = XCBuildConfiguration;
			buildSettings = {
				ALWAYS_EMBED_SWIFT_STANDARD_LIBRARIES = YES;
				CODE_SIGN_STYLE = Automatic;
				CURRENT_PROJECT_VERSION = 1;
				GENERATE_INFOPLIST_FILE = YES;
				MARKETING_VERSION = 1.0;
				PRODUCT_BUNDLE_IDENTIFIER = com.castdrian.ishareUITests;
				PRODUCT_NAME = "$(TARGET_NAME)";
				SWIFT_EMIT_LOC_STRINGS = NO;
				SWIFT_VERSION = 5.0;
				TEST_TARGET_NAME = ishare;
			};
			name = Release;
		};
/* End XCBuildConfiguration section */

/* Begin XCConfigurationList section */
		3A9A9FCF2A5C84B4007BA5C9 /* Build configuration list for PBXProject "ishare" */ = {
			isa = XCConfigurationList;
			buildConfigurations = (
				3A9A9FF72A5C84B5007BA5C9 /* Debug */,
				3A9A9FF82A5C84B5007BA5C9 /* Release */,
			);
			defaultConfigurationIsVisible = 0;
			defaultConfigurationName = Release;
		};
		3A9A9FF92A5C84B5007BA5C9 /* Build configuration list for PBXNativeTarget "ishare" */ = {
			isa = XCConfigurationList;
			buildConfigurations = (
				3A9A9FFA2A5C84B5007BA5C9 /* Debug */,
				3A9A9FFB2A5C84B5007BA5C9 /* Release */,
			);
			defaultConfigurationIsVisible = 0;
			defaultConfigurationName = Release;
		};
		3A9A9FFC2A5C84B5007BA5C9 /* Build configuration list for PBXNativeTarget "ishareTests" */ = {
			isa = XCConfigurationList;
			buildConfigurations = (
				3A9A9FFD2A5C84B5007BA5C9 /* Debug */,
				3A9A9FFE2A5C84B5007BA5C9 /* Release */,
			);
			defaultConfigurationIsVisible = 0;
			defaultConfigurationName = Release;
		};
		3A9A9FFF2A5C84B5007BA5C9 /* Build configuration list for PBXNativeTarget "ishareUITests" */ = {
			isa = XCConfigurationList;
			buildConfigurations = (
				3A9AA0002A5C84B5007BA5C9 /* Debug */,
				3A9AA0012A5C84B5007BA5C9 /* Release */,
			);
			defaultConfigurationIsVisible = 0;
			defaultConfigurationName = Release;
		};
/* End XCConfigurationList section */
	};
	rootObject = 3A9A9FCC2A5C84B4007BA5C9 /* Project object */;
}
